
Microsoft Visual Studio Solution File, Format Version 12.00
# Visual Studio Version 16
VisualStudioVersion = 16.0.31025.194
MinimumVisualStudioVersion = 10.0.40219.1
Project("{FAE04EC0-301F-11D3-BF4B-00C04F79EFBC}") = "zadanie_2", "zadanie_2.csproj", "{27516D25-F529-44ED-ABE9-FEE44448DF67}"
EndProject
Global
	GlobalSection(SolutionConfigurationPlatforms) = preSolution
		Debug|Any CPU = Debug|Any CPU
		Release|Any CPU = Release|Any CPU
	EndGlobalSection
	GlobalSection(ProjectConfigurationPlatforms) = postSolution
		{27516D25-F529-44ED-ABE9-FEE44448DF67}.Debug|Any CPU.ActiveCfg = Debug|Any CPU
		{27516D25-F529-44ED-ABE9-FEE44448DF67}.Debug|Any CPU.Build.0 = Debug|Any CPU
		{27516D25-F529-44ED-ABE9-FEE44448DF67}.Release|Any CPU.ActiveCfg = Release|Any CPU
		{27516D25-F529-44ED-ABE9-FEE44448DF67}.Release|Any CPU.Build.0 = Release|Any CPU
	EndGlobalSection
	GlobalSection(SolutionProperties) = preSolution
		HideSolutionNode = FALSE
	EndGlobalSection
	GlobalSection(ExtensibilityGlobals) = postSolution
		SolutionGuid = {2BA6E651-EABA-459C-A13B-0B94DE7C7A0E}
	EndGlobalSection
EndGlobal
